github.com/google/uuid v1.2.0/go.mod h1:TIyPZe4MgqvfeYDBFedMoGGpEw/LqOeaOT+nhxU+yHo=
github.com/google/uuid v1.6.0 h1:NIvaJDMOsjHA8n1jAhLSgzrAzy1Hgr+hNrb57e+94F0=
github.com/google/uuid v1.6.0/go.mod h1:TIyPZe4MgqvfeYDBFedMoGGpEw/LqOeaOT+nhxU+yHo=
github.com/mistifyio/go-zfs/v3 v3.0.1 h1:YaoXgBePoMA12+S1u/ddkv+QqxcfiZK4prI6HPnkFiU=
github.com/mistifyio/go-zfs/v3 v3.0.1/go.mod h1:CzVgeB0RvF2EGzQnytKVvVSDwmKJXxkOTUGbNrTja/k=
